version = 1
revision = 3
requires-python = ">=3.12"
resolution-markers = [
    "python_full_version < '3.13' and platform_machine == 'x86_64' and sys_platform == 'linux'",
]
supported-markers = [
    "python_full_version < '3.13' and platform_machine == 'x86_64' and sys_platform == 'linux'",
]

[[package]]
name = "claude-remember"
version = "0.0.0"
source = { virtual = "." }

[package.dev-dependencies]
dev = [
    { name = "pytest" },
    { name = "pytest-asyncio" },
    { name = "pytest-cov" },
    { name = "pytest-datadir" },
    { name = "pytest-mock" },
    { name = "pytest-recording" },
    { name = "pytest-regressions" },
    { name = "pytest-xdist" },
]

[package.metadata]

[package.metadata.requires-dev]
dev = [
    { name = "pytest" },
    { name = "pytest-asyncio" },
    { name = "pytest-cov" },
    { name = "pytest-datadir" },
    { name = "pytest-mock" },
    { name = "pytest-recording" },
    { name = "pytest-regressions" },
    { name = "pytest-xdist" },
]

[[package]]
name = "coverage"
version = "7.16.2"
source = { registry = "https://pypi.org/simple" }
sdist = { url = "https://files.pythonhosted.org/packages/2f/55/d1eaf3e73781174340a00dc1ba2aee8a65f82fadb18e2797b192b6b3925b/coverage-7.16.2.tar.gz", hash = "sha256:ca64d9f1f384f151b9511bec01126072acd2f313439f8ed015a22d8790aab6fa", size = 971999, upload-time = "2026-09-27T12:29:01.118Z" }
wheels = [
    { url = "https://files.pythonhosted.org/packages/d1/36/6c45f15be4eca4ac1062c6a55a323286494c99726a7e58951fe85967ac08/coverage-7.16.2-cp312-cp312-manylinux1_x86_64.manylinux_2_28_x86_64.manylinux_2_5_x86_64.whl", hash = "sha256:5375ebd99038021b35e99dc88255022912c06565d316212f4a576e4b08d30f5d", size = 258571, upload-time = "2026-09-27T12:26:21.199Z" },
    { url = "https://files.pythonhosted.org/packages/bf/91/f3325edf0c4223fb1fe1532b8dbef2a1d2f729459a9a7d1a44d073bae534/coverage-7.16.2-cp312-cp312-musllinux_1_2_x86_64.whl", hash = "sha256:c19cd6d025c1673f22afcd22c7df8a662d779e05d8e3fa6820c22afb895b0206", size = 257191, upload-time = "2026-09-27T12:26:33.525Z" },
    { url = "https://files.pythonhosted.org/packages/1d/56/6785397d07c29c8e70fbb9a07e97d062b43c21ffc5f12385917847f09f63/coverage-7.16.2-cp313-cp313-manylinux1_x86_64.manylinux_2_28_x86_64.manylinux_2_5_x86_64.whl", hash = "sha256:4358b9c8c0125b460407f3017c6cce8156e904b32772c5630d27112f52bdbfe5", size = 257955, upload-time = "2026-09-27T12:26:45.725Z" },
    { url = "https://files.pythonhosted.org/packages/2d/20/854ec68641a9b3362ff068a32dfa41637299761617ef253791dbade6fc76/coverage-7.16.2-cp313-cp313-musllinux_1_2_x86_64.whl", hash = "sha256:3e7f99698ba3a7d13988bdd984b7ebf13af4dbe2166dc8502eef90d77603b0a4", size = 256882, upload-time = "2026-09-27T12:26:58.41Z" },
    { url = "https://files.pythonhosted.org/packages/a8/d4/a306940c81c6ae759e82fff27d20b7fdc6896e422b821f51313cce212b6c/coverage-7.16.2-cp314-cp314-manylinux1_x86_64.manylinux_2_28_x86_64.manylinux_2_5_x86_64.whl", hash = "sha256:35f37886699cb9abd29958247d718628d5bc6f39e623dff66a09e546c42a7e03", size = 258727, upload-time = "2026-09-27T12:27:09.927Z" },
    { url = "https://files.pythonhosted.org/packages/34/5e/6d87af88317d3d9a9b18a9ca1bc1673eb516917f296e579d0d4a55cb3490/coverage-7.16.2-cp314-cp314-musllinux_1_2_x86_64.whl", hash = "sha256:5397e21a90dde0e9c6896b77ded8f0be26b66f8b22b33aed41f6043ed95d55e6", size = 257521, upload-time = "2026-09-27T12:27:23.358Z" },
    { url = "https://files.pythonhosted.org/packages/b2/e3/87679875c33bb2191f0f05544a1cc9adcc940fe0c35443a10f2df753dde5/coverage-7.16.2-cp314-cp314t-manylinux1_x86_64.manylinux_2_28_x86_64.manylinux_2_5_x86_64.whl", hash = "sha256:a0f2285329dac10ab08f79cb11f5692c497018e6c7c511f95e6fd63a70b8f831", size = 267717, upload-time = "2026-09-27T12:27:36.025Z" },
    { url = "https://files.pythonhosted.org/packages/d1/36/ef1f77e2c3f7bb03c2b13b9a2006f88700fdd75535ef158d70049f425c1c/coverage-7.16.2-cp314-cp314t-musllinux_1_2_x86_64.whl", hash = "sha256:dcf4bc2aab4e16b1c4c0c2005918f23a7dd5d7821ddae82caed9e3342dc2fcce", size = 266376, upload-time = "2026-09-27T12:27:51.551Z" },
    { url = "https://files.pythonhosted.org/packages/de/29/48fca82a7ebf7ff7b2e35019cc9537e7f65e4d2aa1215cc5a8792c989251/coverage-7.16.2-cp315-cp315-manylinux1_x86_64.manylinux_2_28_x86_64.manylinux_2_5_x86_64.whl", hash = "sha256:8fc15cc8d0d06e873c00ef18e1372d605f9aaf3de27d8c24e50782e75bc8b843", size = 259106, upload-time = "2026-09-27T12:28:05.15Z" },
    { url = "https://files.pythonhosted.org/packages/92/02/34d079d4952ad461bde037d353f9a6e037a7edc45fe0f9ee8781ff73f028/coverage-7.16.2-cp315-cp315-musllinux_1_2_x86_64.whl", hash = "sha256:066429634299e14dd2d511e1e85f8f9cecc500781f6b41907c0dd6f1baea7e63", size = 258034, upload-time = "2026-09-27T12:28:21.242Z" },
    { url = "https://files.pythonhosted.org/packages/06/b2/cc83f3a6e5789a4e89059c69555bc641c2efcde568405a1c06fc702951ab/coverage-7.16.2-cp315-cp315t-manylinux1_x86_64.manylinux_2_28_x86_64.manylinux_2_5_x86_64.whl", hash = "sha256:eb57acff4a74246ae513c142d4b36e18c389c3aed8661914a53f7cd0071031b2", size = 268254, upload-time = "2026-09-27T12:28:35.135Z" },
    { url = "https://files.pythonhosted.org/packages/b2/18/8437620f90d023680a072eee02f968055f3658bbfb7d386d0ea34cfb7f30/coverage-7.16.2-cp315-cp315t-musllinux_1_2_x86_64.whl", hash = "sha256:dba2edfb054f6d4a08df9d1637c39a5aa3865bca6617c13c86be21e45658a59c", size = 267266, upload-time = "2026-09-27T12:28:51.361Z" },
    { url = "https://files.pythonhosted.org/packages/3f/0c/7a64e1ac90541a8edf50daef0914848011fb057a5bf55284a4811e21939a/coverage-7.16.2-py3-none-any.whl", hash = "sha256:11d28e9123a9156cb405d8d27b44256c9a58fb5decc2073a8f17862057e3aa0f", size = 215754, upload-time = "2026-09-27T12:28:59.075Z" },
]

[[package]]
name = "execnet"
version = "2.1.2"
source = { registry = "https://pypi.org/simple" }
sdist = { url = "https://files.pythonhosted.org/packages/bf/89/780e11f9588d9e7128a3f87788354c7946a9cbb1401ad38a48c4db9a4f07/execnet-2.1.2.tar.gz", hash = "sha256:63d83bfdd9a23e35b9c6a3261412324f964c2ec8dcd8d3c6916ee9373e0befcd", size = 166622, upload-time = "2025-11-12T09:56:37.75Z" }
wheels = [
    { url = "https://files.pythonhosted.org/packages/ab/84/02fc1827e8cdded4aa65baef11296a9bbe595c474f0d6d758af082d849fd/execnet-2.1.2-py3-none-any.whl", hash = "sha256:67fba928dd5a544b783f6056f449e5e3931a5c378b128bc18501f7ea79e296ec", size = 40708, upload-time = "2025-11-12T09:56:36.333Z" },
]

[[package]]
name = "iniconfig"
version = "2.3.0"
source = { registry = "https://pypi.org/simple" }
sdist = { url = "https://files.pythonhosted.org/packages/72/34/14ca021ce8e5dfedc35312d08ba8bf51fdd999c576889fc2c24cb97f4f10/iniconfig-2.3.0.tar.gz", hash = "sha256:c76315c77db068650d49c5b56314774a7804df16fee4402c1f19d6d15d8c4730", size = 20503, upload-time = "2025-10-18T21:55:43.219Z" }
wheels = [
    { url = "https://files.pythonhosted.org/packages/cb/b1/3846dd7f199d53cb17f49cba7e651e9ce294d8497c8c150530ed11865bb8/iniconfig-2.3.0-py3-none-any.whl", hash = "sha256:f631c04d2c48c52b84d0d0549c99ff3859c98df65b3101406327ecc7d53fbf12", size = 7484, upload-time = "2025-10-18T21:55:41.639Z" },
]

[[package]]
name = "packaging"
version = "26.3"
source = { registry = "https://pypi.org/simple" }
sdist = { url = "https://files.pythonhosted.org/packages/7d/fa/3944b40b07da9ce895c0e6303a5ab7d53da063554f534556b134a54d6093/packaging-26.3.tar.gz", hash = "sha256:94edc256424af38762eb31306eed28beb9f0efc50a8837492c9d6fd6004aed79", size = 313412, upload-time = "2026-08-04T18:15:28.737Z" }
wheels = [
    { url = "https://files.pythonhosted.org/packages/63/34/ba1c580383c9eada3711951fef0795c80b829a078d72188184bcab9dd527/packaging-26.3-py3-none-any.whl", hash = "sha256:d7193f7c8e4e93f444fde0262bf90af30e16fa0ad0ad44cb553c87339b23cd1c", size = 129956, upload-time = "2026-08-04T18:15:27.159Z" },
]

[[package]]
name = "pluggy"
version = "1.6.0"
source = { registry = "https://pypi.org/simple" }
sdist = { url = "https://files.pythonhosted.org/packages/f9/e2/3e91f31a7d2b083fe6ef3fa267035b518369d9511ffab804f839851d2779/pluggy-1.6.0.tar.gz", hash = "sha256:7dcc130b76258d33b90f61b658791dede3486c3e6bfb003ee5c9bfb396dd22f3", size = 69412, upload-time = "2025-05-15T12:30:07.975Z" }
wheels = [
    { url = "https://files.pythonhosted.org/packages/54/20/4d324d65cc6d9205fabedc306948156824eb9f0ee1633355a8f7ec5c66bf/pluggy-1.6.0-py3-none-any.whl", hash = "sha256:e920276dd6813095e9377c0bc5566d94c932c33b27a3e3945d8389c374dd4746", size = 20538, upload-time = "2025-05-15T12:30:06.134Z" },
]

[[package]]
name = "pygments"
version = "2.21.0"
source = { registry = "https://pypi.org/simple" }
sdist = { url = "https://files.pythonhosted.org/packages/49/2e/ced460408999b33da6b31b0021b0f37d329e202d4169aeb164493778f25b/pygments-2.21.0.tar.gz", hash = "sha256:610ca751c9bc2492b38eb9a38a7fbc93edbbb2d7182edaf34e66ae493dee5c8c", size = 5005329, upload-time = "2026-08-17T08:02:48.824Z" }
wheels = [
    { url = "https://files.pythonhosted.org/packages/71/46/17f022dd3e953bf20a04a028a21ec746d942f8d2af30fa0f124fa0e6a684/pygments-2.21.0-py3-none-any.whl", hash = "sha256:2363c69b61c4a97c838da3b130dcd6468f4848992b21a82f2a63ec34377137d9", size = 1250147, upload-time = "2026-08-17T08:02:44.912Z" },
]

[[package]]
name = "pytest"
version = "9.0.2"
source = { registry = "https://pypi.org/simple" }
dependencies = [
    { name = "iniconfig" },
    { name = "packaging" },
    { name = "pluggy" },
    { name = "pygments" },
]
sdist = { url = "https://files.pythonhosted.org/packages/d1/db/7ef3487e0fb0049ddb5ce41d3a49c235bf9ad299b6a25d5780a89f19230f/pytest-9.0.2.tar.gz", hash = "sha256:75186651a92bd89611d1d9fc20f0b4345fd827c41ccd5c299a868a05d70edf11", size = 1568901, upload-time = "2025-12-06T21:30:51.014Z" }
wheels = [
    { url = "https://files.pythonhosted.org/packages/3b/ab/b3226f0bd7cdcf710fbede2b3548584366da3b19b5021e74f5bde2a8fa3f/pytest-9.0.2-py3-none-any.whl", hash = "sha256:711ffd45bf766d5264d487b917733b453d917afd2b0ad65223959f59089f875b", size = 374801, upload-time = "2025-12-06T21:30:49.154Z" },
]

[[package]]
name = "pytest-asyncio"
version = "1.3.0"
source = { registry = "https://pypi.org/simple" }
dependencies = [
    { name = "pytest" },
    { name = "typing-extensions" },
]
sdist = { url = "https://files.pythonhosted.org/packages/90/2c/8af215c0f776415f3590cac4f9086ccefd6fd463befeae41cd4d3f193e5a/pytest_asyncio-1.3.0.tar.gz", hash = "sha256:d7f52f36d231b80ee124cd216ffb19369aa168fc10095013c6b014a34d3ee9e5", size = 50087, upload-time = "2025-11-10T16:07:47.256Z" }
wheels = [
    { url = "https://files.pythonhosted.org/packages/e5/35/f8b19922b6a25bc0880171a2f1a003eaeb93657475193ab516fd87cac9da/pytest_asyncio-1.3.0-py3-none-any.whl", hash = "sha256:611e26147c7f77640e6d0a92a38ed17c3e9848063698d5c93d5aa7aa11cebff5", size = 15075, upload-time = "2025-11-10T16:07:45.537Z" },
]

[[package]]
name = "pytest-cov"
version = "7.0.0"
source = { registry = "https://pypi.org/simple" }
dependencies = [
    { name = "coverage" },
    { name = "pluggy" },
    { name = "pytest" },
]
sdist = { url = "https://files.pythonhosted.org/packages/5e/f7/c933acc76f5208b3b00089573cf6a2bc26dc80a8aece8f52bb7d6b1855ca/pytest_cov-7.0.0.tar.gz", hash = "sha256:33c97eda2e049a0c5298e91f519302a1334c26ac65c1a483d6206fd458361af1", size = 54328, upload-time = "2025-09-09T10:57:02.113Z" }
wheels = [
    { url = "https://files.pythonhosted.org/packages/ee/49/1377b49de7d0c1ce41292161ea0f721913fa8722c19fb9c1e3aa0367eecb/pytest_cov-7.0.0-py3-none-any.whl", hash = "sha256:3b8e9558b16cc1479da72058bdecf8073661c7f57f7d3c5f22a1c23507f2d861", size = 22424, upload-time = "2025-09-09T10:57:00.695Z" },
]

[[package]]
name = "pytest-datadir"
version = "1.8.0"
source = { registry = "https://pypi.org/simple" }
dependencies = [
    { name = "pytest" },
]
sdist = { url = "https://files.pythonhosted.org/packages/b4/46/db060b291999ca048edd06d6fa9ee95945d088edc38b1172c59eeb46ec45/pytest_datadir-1.8.0.tar.gz", hash = "sha256:7a15faed76cebe87cc91941dd1920a9a38eba56a09c11e9ddf1434d28a0f78eb", size = 11848, upload-time = "2025-07-30T13:52:12.518Z" }
wheels = [
    { url = "https://files.pythonhosted.org/packages/8f/7a/33895863aec26ac3bb5068a73583f935680d6ab6af2a9567d409430c3ee1/pytest_datadir-1.8.0-py3-none-any.whl", hash = "sha256:5c677bc097d907ac71ca418109adc3abe34cf0bddfe6cf78aecfbabd96a15cf0", size = 6512, upload-time = "2025-07-30T13:52:11.525Z" },
]

[[package]]
name = "pytest-mock"
version = "3.15.1"
source = { registry = "https://pypi.org/simple" }
dependencies = [
    { name = "pytest" },
]
sdist = { url = "https://files.pythonhosted.org/packages/68/14/eb014d26be205d38ad5ad20d9a80f7d201472e08167f0bb4361e251084a9/pytest_mock-3.15.1.tar.gz", hash = "sha256:1849a238f6f396da19762269de72cb1814ab44416fa73a8686deac10b0d87a0f", size = 34036, upload-time = "2025-09-16T16:37:27.081Z" }
wheels = [
    { url = "https://files.pythonhosted.org/packages/5a/cc/06253936f4a7fa2e0f48dfe6d851d9c56df896a9ab09ac019d70b760619c/pytest_mock-3.15.1-py3-none-any.whl", hash = "sha256:0a25e2eb88fe5168d535041d09a4529a188176ae608a6d249ee65abc0949630d", size = 10095, upload-time = "2025-09-16T16:37:25.734Z" },
]

[[package]]
name = "pytest-recording"
version = "0.13.4"
source = { registry = "https://pypi.org/simple" }
dependencies = [
    { name = "pytest" },
    { name = "vcrpy" },
]
sdist = { url = "https://files.pythonhosted.org/packages/32/9c/f4027c5f1693847b06d11caf4b4f6bb09f22c1581ada4663877ec166b8c6/pytest_recording-0.13.4.tar.gz", hash = "sha256:568d64b2a85992eec4ae0a419c855d5fd96782c5fb016784d86f18053792768c", size = 26576, upload-time = "2025-05-08T10:41:11.231Z" }
wheels = [
    { url = "https://files.pythonhosted.org/packages/42/c2/ce34735972cc42d912173e79f200fe66530225190c06655c5632a9d88f1e/pytest_recording-0.13.4-py3-none-any.whl", hash = "sha256:ad49a434b51b1c4f78e85b1e6b74fdcc2a0a581ca16e52c798c6ace971f7f439", size = 13723, upload-time = "2025-05-08T10:41:09.684Z" },
]

[[package]]
name = "pytest-regressions"
version = "2.11.0"
source = { registry = "https://pypi.org/simple" }
dependencies = [
    { name = "pytest" },
    { name = "pytest-datadir" },
    { name = "pyyaml" },
]
sdist = { url = "https://files.pythonhosted.org/packages/ba/0f/1d6b8cc851596be52c401af53fd0d844e72921b0b11866b88995673cd320/pytest_regressions-2.11.0.tar.gz", hash = "sha256:d4a86092f979eb25d2403c51b2b61039781c4c7c7a364a56b9fa838872a650f7", size = 117474, upload-time = "2026-05-25T12:09:01.796Z" }
wheels = [
    { url = "https://files.pythonhosted.org/packages/97/61/fe772eda66bb8e2ee72da2937382aa4f803ca1e41092ca8d59953e96262c/pytest_regressions-2.11.0-py3-none-any.whl", hash = "sha256:fcb2bbcfb2fda256624d434c88cb1e4003667b7e078ee4084887cf839bbdf831", size = 25556, upload-time = "2026-05-25T12:09:00.292Z" },
]

[[package]]
name = "pytest-xdist"
version = "3.8.0"
source = { registry = "https://pypi.org/simple" }
dependencies = [
    { name = "execnet" },
    { name = "pytest" },
]
sdist = { url = "https://files.pythonhosted.org/packages/78/b4/439b179d1ff526791eb921115fca8e44e596a13efeda518b9d845a619450/pytest_xdist-3.8.0.tar.gz", hash = "sha256:7e578125ec9bc6050861aa93f2d59f1d8d085595d6551c2c90b6f4fad8d3a9f1", size = 88069, upload-time = "2025-07-01T13:30:59.346Z" }
wheels = [
    { url = "https://files.pythonhosted.org/packages/ca/31/d4e37e9e550c2b92a9cbc2e4d0b7420a27224968580b5a447f420847c975/pytest_xdist-3.8.0-py3-none-any.whl", hash = "sha256:202ca578cfeb7370784a8c33d6d05bc6e13b4f25b5053c30a152269fd10f0b88", size = 46396, upload-time = "2025-07-01T13:30:56.632Z" },
]

[[package]]
name = "pyyaml"
version = "6.0.3"
source = { registry = "https://pypi.org/simple" }
sdist = { url = "https://files.pythonhosted.org/packages/05/8e/961c0007c59b8dd7729d542c61a4d537767a59645b82a0b521206e1e25c2/pyyaml-6.0.3.tar.gz", hash = "sha256:d76623373421df22fb4cf8817020cbb7ef15c725b9d5e45f17e189bfc384190f", size = 130960, upload-time = "2025-09-25T21:33:16.546Z" }
wheels = [
    { url = "https://files.pythonhosted.org/packages/8b/9d/b3589d3877982d4f2329302ef98a8026e7f4443c765c46cfecc8858c6b4b/pyyaml-6.0.3-cp312-cp312-manylinux2014_x86_64.manylinux_2_17_x86_64.manylinux_2_28_x86_64.whl", hash = "sha256:ba1cc08a7ccde2d2ec775841541641e4548226580ab850948cbfda66a1befcdc", size = 807870, upload-time = "2025-09-25T21:32:16.431Z" },
    { url = "https://files.pythonhosted.org/packages/be/8e/98435a21d1d4b46590d5459a22d88128103f8da4c2d4cb8f14f2a96504e1/pyyaml-6.0.3-cp312-cp312-musllinux_1_2_x86_64.whl", hash = "sha256:41715c910c881bc081f1e8872880d3c650acf13dfa8214bad49ed4cede7c34ea", size = 790181, upload-time = "2025-09-25T21:32:18.834Z" },
    { url = "https://files.pythonhosted.org/packages/74/27/e5b8f34d02d9995b80abcef563ea1f8b56d20134d8f4e5e81733b1feceb2/pyyaml-6.0.3-cp313-cp313-manylinux2014_x86_64.manylinux_2_17_x86_64.manylinux_2_28_x86_64.whl", hash = "sha256:0f29edc409a6392443abf94b9cf89ce99889a1dd5376d94316ae5145dfedd5d6", size = 801626, upload-time = "2025-09-25T21:32:28.878Z" },
    { url = "https://files.pythonhosted.org/packages/3d/e0/7966e1a7bfc0a45bf0a7fb6b98ea03fc9b8d84fa7f2229e9659680b69ee3/pyyaml-6.0.3-cp313-cp313-musllinux_1_2_x86_64.whl", hash = "sha256:eda16858a3cab07b80edaf74336ece1f986ba330fdb8ee0d6c0d68fe82bc96be", size = 794115, upload-time = "2025-09-25T21:32:31.353Z" },
    { url = "https://files.pythonhosted.org/packages/88/f9/16491d7ed2a919954993e48aa941b200f38040928474c9e85ea9e64222c3/pyyaml-6.0.3-cp314-cp314-manylinux2014_x86_64.manylinux_2_17_x86_64.manylinux_2_28_x86_64.whl", hash = "sha256:c458b6d084f9b935061bc36216e8a69a7e293a2f1e68bf956dcd9e6cbcd143f5", size = 794175, upload-time = "2025-09-25T21:32:40.865Z" },
    { url = "https://files.pythonhosted.org/packages/d7/ce/af88a49043cd2e265be63d083fc75b27b6ed062f5f9fd6cdc223ad62f03e/pyyaml-6.0.3-cp314-cp314-musllinux_1_2_x86_64.whl", hash = "sha256:5190d403f121660ce8d1d2c1bb2ef1bd05b5f68533fc5c2ea899bd15f4399b35", size = 789194, upload-time = "2025-09-25T21:32:43.362Z" },
    { url = "https://files.pythonhosted.org/packages/b1/5e/f77dc6b9036943e285ba76b49e118d9ea929885becb0a29ba8a7c75e29fe/pyyaml-6.0.3-cp314-cp314t-manylinux2014_x86_64.manylinux_2_17_x86_64.manylinux_2_28_x86_64.whl", hash = "sha256:00c4bdeba853cc34e7dd471f16b4114f4162dc03e6b7afcc2128711f0eca823c", size = 839261, upload-time = "2025-09-25T21:32:51.808Z" },
    { url = "https://files.pythonhosted.org/packages/da/92/1446574745d74df0c92e6aa4a7b0b3130706a4142b2d1a5869f2eaa423c6/pyyaml-6.0.3-cp314-cp314t-musllinux_1_2_x86_64.whl", hash = "sha256:16249ee61e95f858e83976573de0f5b2893b3677ba71c9dd36b9cf8be9ac6d65", size = 829923, upload-time = "2025-09-25T21:32:54.537Z" },
]

[[package]]
name = "typing-extensions"
version = "4.16.0"
source = { registry = "https://pypi.org/simple" }
sdist = { url = "https://files.pythonhosted.org/packages/f6/cc/6253133b5bb138fc3306cebfbda2c520f545d36b5be2c7255cc528bb45d6/typing_extensions-4.16.0.tar.gz", hash = "sha256:dc983d19a509c94dba722ee6abd33940f7c05a89e243c47e907eb4db6f1a43e5", size = 113555, upload-time = "2026-07-02T08:40:05.92Z" }
wheels = [
    { url = "https://files.pythonhosted.org/packages/49/d3/b8441a820a491ddfc024b0b0cf0393375b75ea13866d9c66727e54c2fc80/typing_extensions-4.16.0-py3-none-any.whl", hash = "sha256:481caa481374e813c1b176ada14e97f1f67a4539ce9cfeb3f350d78d6370c2e8", size = 45571, upload-time = "2026-07-02T08:40:04.659Z" },
]

[[package]]
name = "vcrpy"
version = "8.3.0"
source = { registry = "https://pypi.org/simple" }
dependencies = [
    { name = "pyyaml" },
    { name = "wrapt" },
]
sdist = { url = "https://files.pythonhosted.org/packages/39/d5/8a1f8eb603e2d35fbb0ecd1e309d0c5c18a0ecfc8c0a8f04088bbc8f833b/vcrpy-8.3.0.tar.gz", hash = "sha256:46d64e77e8d95e5c76c7d9a94ff05d8b38b2ae4e1d4869eb0235024b6fcb5212", size = 96117, upload-time = "2026-07-04T14:27:01.608Z" }
wheels = [
    { url = "https://files.pythonhosted.org/packages/34/77/cb4219be91508399cbcb6143bad89462cfb16f6c638458f454a5d46ac95a/vcrpy-8.3.0-py3-none-any.whl", hash = "sha256:bd66e6143746778157f00e2a922527a8d96b2fdc350be8988a45a29c843815b9", size = 46530, upload-time = "2026-07-04T14:27:00.546Z" },
]

[[package]]
name = "wrapt"
version = "2.5.0"
source = { registry = "https://pypi.org/simple" }
sdist = { url = "https://files.pythonhosted.org/packages/3e/d2/a254a26d8ceaea87e0eee2e89fcfe53ddc1858418647493bb2937549ab6f/wrapt-2.5.0.tar.gz", hash = "sha256:c48cdb6c904dca76d9915a579e4a5fab6b0c25f650c1019ce78a78effaf7a345", size = 183288, upload-time = "2026-09-27T01:41:56.874Z" }
wheels = [
    { url = "https://files.pythonhosted.org/packages/11/0e/3ce67af67525c0068680637c0eba823ce2f0fc6eff2d1779cab656fb8c3d/wrapt-2.5.0-cp312-cp312-manylinux1_x86_64.manylinux_2_28_x86_64.manylinux_2_5_x86_64.whl", hash = "sha256:0cabb9c17ab79b2549d1f23b36f436473ad9253ef53995a817feba26fae69d5b", size = 250177, upload-time = "2026-09-27T01:40:03.819Z" },
    { url = "https://files.pythonhosted.org/packages/7c/2c/4c48ba51698a87e2e8299fc04856bbef391cb725f195bc93f0bc6196e1f2/wrapt-2.5.0-cp312-cp312-musllinux_1_2_x86_64.whl", hash = "sha256:e716f47c7f61e11709d3c0904213c94fc22999abf0c41461276cef886c1e8b4d", size = 238583, upload-time = "2026-09-27T01:40:10.631Z" },
    { url = "https://files.pythonhosted.org/packages/1e/02/c7174e78b0c38bb279b2d3c25a6bd7fb9d3b0200c3e5a8fad084e7cc3e85/wrapt-2.5.0-cp313-cp313-manylinux1_x86_64.manylinux_2_28_x86_64.manylinux_2_5_x86_64.whl", hash = "sha256:b95a6eca3b927853529eea958310563c83140ae8451dd5dc4399c7da385dc4f3", size = 248259, upload-time = "2026-09-27T01:40:18.446Z" },
    { url = "https://files.pythonhosted.org/packages/81/8e/2b823fded8c3b815408c58633929812eacd29d824fe57548b7868c4ee422/wrapt-2.5.0-cp313-cp313-musllinux_1_2_x86_64.whl", hash = "sha256:a346408f19b6d589bf029f25f65c0b4cdeed6302ef8f40da4e5d1552d22dc037", size = 236884, upload-time = "2026-09-27T01:40:25.654Z" },
    { url = "https://files.pythonhosted.org/packages/23/38/285b433121d73c7a447b5b82d93c91dc3330f33ab5853975f34551e0c773/wrapt-2.5.0-cp314-cp314-manylinux1_x86_64.manylinux_2_28_x86_64.manylinux_2_5_x86_64.whl", hash = "sha256:b640460f0ffb346b192686bd6fac5589e35a6c6640501c59a9fb6e82b0dd6bd8", size = 251245, upload-time = "2026-09-27T01:40:34.309Z" },
    { url = "https://files.pythonhosted.org/packages/ea/15/c79f0f5827a9062c6be4fc25dc73e92fe1c014c7bfde2e61c8c0b56a91af/wrapt-2.5.0-cp314-cp314-musllinux_1_2_x86_64.whl", hash = "sha256:bad63bb4dea3c58e8078a3a173259ac2df5442a437e49c632b4099c0250e803b", size = 238830, upload-time = "2026-09-27T01:40:41.505Z" },
    { url = "https://files.pythonhosted.org/packages/6a/34/3980fe5a899b69454f66db2991c144ecc828dbbd355ce6cd7b881056ebbc/wrapt-2.5.0-cp314-cp314t-manylinux1_x86_64.manylinux_2_28_x86_64.manylinux_2_5_x86_64.whl", hash = "sha256:0dfc38cb672af51fc29696ba9c6f05d2315f5e62c4af2564e50f07f81198a163", size = 283840, upload-time = "2026-09-27T01:40:50.406Z" },
    { url = "https://files.pythonhosted.org/packages/5a/0e/0572224d1c4a3f0846f82614702ec3110d45c843dcc7781c5f33779e1fdc/wrapt-2.5.0-cp314-cp314t-musllinux_1_2_x86_64.whl", hash = "sha256:fe09aac4837ec720af606a493e814dcc3f65631984e1b7231b589efcf9917024", size = 278485, upload-time = "2026-09-27T01:40:58.443Z" },
    { url = "https://files.pythonhosted.org/packages/57/b6/41a0d7f9cf1f8e6aaecbf4b5b4eaacf4036fa3396c7d814364e07728a041/wrapt-2.5.0-cp315-cp315-manylinux1_x86_64.manylinux_2_28_x86_64.manylinux_2_5_x86_64.whl", hash = "sha256:bc6491d3008ecabf685b0746f03ad8241a0950336939b14addb03af39b51a316", size = 251754, upload-time = "2026-09-27T01:41:07.26Z" },
    { url = "https://files.pythonhosted.org/packages/a0/94/23968c18a6e37a8a130706dc52ccf4344a71f1fe53c99965eb0a7715a459/wrapt-2.5.0-cp315-cp315-musllinux_1_2_x86_64.whl", hash = "sha256:1ebc0d09906057ada57a32158a657364ca40b8f86e604da3e7d979069b601502", size = 239372, upload-time = "2026-09-27T01:41:15.459Z" },
    { url = "https://files.pythonhosted.org/packages/fe/87/bbaa188dace348b6a403bbf3cc483f3f419ac97700274340e17f2dbc700e/wrapt-2.5.0-cp315-cp315t-manylinux1_x86_64.manylinux_2_28_x86_64.manylinux_2_5_x86_64.whl", hash = "sha256:88bb24b9fdccb1d805258d5648533206eb58c58b6554985c47db53a89c11be85", size = 284602, upload-time = "2026-09-27T01:41:24.094Z" },
    { url = "https://files.pythonhosted.org/packages/fd/ad/d96898f500cb1e4185474bac6cb14bb7ea670a32f37e8c354a0c647e3a92/wrapt-2.5.0-cp315-cp315t-musllinux_1_2_x86_64.whl", hash = "sha256:c932273bc43b068538f3874fa5e6c2a60f33fa0b11c1ebc7768652f6a0608943", size = 279744, upload-time = "2026-09-27T01:41:32.617Z" },
    { url = "https://files.pythonhosted.org/packages/87/7d/5ed859fad4b5eddd598a846150aaab2703730ed4886c5c5e03b0df0cfdd5/wrapt-2.5.0-py3-none-any.whl", hash = "sha256:107eea1a511e98a3a5033b0c2cb403fbb37f05dee6ac1fb85c0460d311ec278c", size = 81586, upload-time = "2026-09-27T01:41:55.479Z" },
]
